
Microsoft Visual Studio Solution File, Format Version 12.00
# Visual Studio Version 17
VisualStudioVersion = 17.14.37411.7
MinimumVisualStudioVersion = 10.0.40219.1
Project("{2150E333-8FDC-42A3-9474-1A3956D46DE8}") = "src", "src", "{02EA681E-C7D8-13C7-8484-4AC65E1B71E8}"
EndProject
Project("{2150E333-8FDC-42A3-9474-1A3956D46DE8}") = "Core", "Core", "{E6BA0287-C429-4185-A3F9-05FF2137EE01}"
EndProject
Project("{2150E333-8FDC-42A3-9474-1A3956D46DE8}") = "Infrastructure", "Infrastructure", "{E9D282ED-3575-453E-90E5-C5668A00896C}"
EndProject
Project("{2150E333-8FDC-42A3-9474-1A3956D46DE8}") = "Presentation", "Presentation", "{00EBF305-A7EE-4F38-9FAF-CF360E2CE8FD}"
EndProject
Project("{FAE04EC0-301F-11D3-BF4B-00C04F79EFBC}") = "RealEstateApp.Domain", "src\Core\RealEstateApp.Domain\RealEstateApp.Domain.csproj", "{113661FB-9AA9-4DB4-8059-8D436C185DCD}"
EndProject
Project("{FAE04EC0-301F-11D3-BF4B-00C04F79EFBC}") = "RealEstateApp.Application", "src\Core\RealEstateApp.Application\RealEstateApp.Application.csproj", "{F30AC997-53C0-4FF3-B2EF-DD2C08040C87}"
EndProject
Project("{FAE04EC0-301F-11D3-BF4B-00C04F79EFBC}") = "RealEstateApp.Infrastructure.Persistence", "src\Infrastructure\RealEstateApp.Infrastructure.Persistence\RealEstateApp.Infrastructure.Persistence.csproj", "{2AE66A66-313C-470D-9D89-263A38EE07CD}"
EndProject
Project("{FAE04EC0-301F-11D3-BF4B-00C04F79EFBC}") = "RealEstateApp.Infrastructure.Identity", "src\Infrastructure\RealEstateApp.Infrastructure.Identity\RealEstateApp.Infrastructure.Identity.csproj", "{4BF3EECC-A407-4037-8216-7BE819A1BABF}"
EndProject
Project("{FAE04EC0-301F-11D3-BF4B-00C04F79EFBC}") = "RealEstateApp.Infrastructure.Shared", "src\Infrastructure\RealEstateApp.Infrastructure.Shared\RealEstateApp.Infrastructure.Shared.csproj", "{C56E6773-36A3-4F41-AE6B-DD133CD0D6D9}"
EndProject
Project("{FAE04EC0-301F-11D3-BF4B-00C04F79EFBC}") = "RealEstateApp.API", "src\Presentation\RealEstateApp.API\RealEstateApp.API.csproj", "{FF72FAC8-9A8E-4A4C-94B7-FA8783AEB9FE}"
EndProject
Project("{FAE04EC0-301F-11D3-BF4B-00C04F79EFBC}") = "RealEstateApp.WebApp", "src\Presentation\RealEstateApp.WebApp\RealEstateApp.WebApp.csproj", "{7D391CC5-776B-45D1-978E-66E28D5AA812}"
EndProject
Project("{2150E333-8FDC-42A3-9474-1A3956D46DE8}") = "Tests", "Tests", "{0AB3BF05-4346-4AA6-1389-037BE0695223}"
EndProject
Project("{FAE04EC0-301F-11D3-BF4B-00C04F79EFBC}") = "RealEstateApp.Infrastructure.Tests", "Tests\RealEstateApp.Infrastructure.Tests\RealEstateApp.Infrastructure.Tests.csproj", "{2012E898-BE5F-4217-A961-166FBA46D5F6}"
EndProject
Global
	GlobalSection(SolutionConfigurationPlatforms) = preSolution
		Debug|Any CPU = Debug|Any CPU
		Debug|x64 = Debug|x64
		Debug|x86 = Debug|x86
		Release|Any CPU = Release|Any CPU
		Release|x64 = Release|x64
		Release|x86 = Release|x86
	EndGlobalSection
	GlobalSection(ProjectConfigurationPlatforms) = postSolution
		{113661FB-9AA9-4DB4-8059-8D436C185DCD}.Debug|Any CPU.ActiveCfg = Debug|Any CPU
		{113661FB-9AA9-4DB4-8059-8D436C185DCD}.Debug|Any CPU.Build.0 = Debug|Any CPU
		{113661FB-9AA9-4DB4-8059-8D436C185DCD}.Debug|x64.ActiveCfg = Debug|Any CPU
		{113661FB-9AA9-4DB4-8059-8D436C185DCD}.Debug|x64.Build.0 = Debug|Any CPU
		{113661FB-9AA9-4DB4-8059-8D436C185DCD}.Debug|x86.ActiveCfg = Debug|Any CPU
		{113661FB-9AA9-4DB4-8059-8D436C185DCD}.Debug|x86.Build.0 = Debug|Any CPU
		{113661FB-9AA9-4DB4-8059-8D436C185DCD}.Release|Any CPU.ActiveCfg = Release|Any CPU
		{113661FB-9AA9-4DB4-8059-8D436C185DCD}.Release|Any CPU.Build.0 = Release|Any CPU
		{113661FB-9AA9-4DB4-8059-8D436C185DCD}.Release|x64.ActiveCfg = Release|Any CPU
		{113661FB-9AA9-4DB4-8059-8D436C185DCD}.Release|x64.Build.0 = Release|Any CPU
		{113661FB-9AA9-4DB4-8059-8D436C185DCD}.Release|x86.ActiveCfg = Release|Any CPU
		{113661FB-9AA9-4DB4-8059-8D436C185DCD}.Release|x86.Build.0 = Release|Any CPU
		{F30AC997-53C0-4FF3-B2EF-DD2C08040C87}.Debug|Any CPU.ActiveCfg = Debug|Any CPU
		{F30AC997-53C0-4FF3-B2EF-DD2C08040C87}.Debug|Any CPU.Build.0 = Debug|Any CPU
		{F30AC997-53C0-4FF3-B2EF-DD2C08040C87}.Debug|x64.ActiveCfg = Debug|Any CPU
		{F30AC997-53C0-4FF3-B2EF-DD2C08040C87}.Debug|x64.Build.0 = Debug|Any CPU
		{F30AC997-53C0-4FF3-B2EF-DD2C08040C87}.Debug|x86.ActiveCfg = Debug|Any CPU
		{F30AC997-53C0-4FF3-B2EF-DD2C08040C87}.Debug|x86.Build.0 = Debug|Any CPU
		{F30AC997-53C0-4FF3-B2EF-DD2C08040C87}.Release|Any CPU.ActiveCfg = Release|Any CPU
		{F30AC997-53C0-4FF3-B2EF-DD2C08040C87}.Release|Any CPU.Build.0 = Release|Any CPU
		{F30AC997-53C0-4FF3-B2EF-DD2C08040C87}.Release|x64.ActiveCfg = Release|Any CPU
		{F30AC997-53C0-4FF3-B2EF-DD2C08040C87}.Release|x64.Build.0 = Release|Any CPU
		{F30AC997-53C0-4FF3-B2EF-DD2C08040C87}.Release|x86.ActiveCfg = Release|Any CPU
		{F30AC997-53C0-4FF3-B2EF-DD2C08040C87}.Release|x86.Build.0 = Release|Any CPU
		{2AE66A66-313C-470D-9D89-263A38EE07CD}.Debug|Any CPU.ActiveCfg = Debug|Any CPU
		{2AE66A66-313C-470D-9D89-263A38EE07CD}.Debug|Any CPU.Build.0 = Debug|Any CPU
		{2AE66A66-313C-470D-9D89-263A38EE07CD}.Debug|x64.ActiveCfg = Debug|Any CPU
		{2AE66A66-313C-470D-9D89-263A38EE07CD}.Debug|x64.Build.0 = Debug|Any CPU
		{2AE66A66-313C-470D-9D89-263A38EE07CD}.Debug|x86.ActiveCfg = Debug|Any CPU
		{2AE66A66-313C-470D-9D89-263A38EE07CD}.Debug|x86.Build.0 = Debug|Any CPU
		{2AE66A66-313C-470D-9D89-263A38EE07CD}.Release|Any CPU.ActiveCfg = Release|Any CPU
		{2AE66A66-313C-470D-9D89-263A38EE07CD}.Release|Any CPU.Build.0 = Release|Any CPU
		{2AE66A66-313C-470D-9D89-263A38EE07CD}.Release|x64.ActiveCfg = Release|Any CPU
		{2AE66A66-313C-470D-9D89-263A38EE07CD}.Release|x64.Build.0 = Release|Any CPU
		{2AE66A66-313C-470D-9D89-263A38EE07CD}.Release|x86.ActiveCfg = Release|Any CPU
		{2AE66A66-313C-470D-9D89-263A38EE07CD}.Release|x86.Build.0 = Release|Any CPU
		{4BF3EECC-A407-4037-8216-7BE819A1BABF}.Debug|Any CPU.ActiveCfg = Debug|Any CPU
		{4BF3EECC-A407-4037-8216-7BE819A1BABF}.Debug|Any CPU.Build.0 = Debug|Any CPU
		{4BF3EECC-A407-4037-8216-7BE819A1BABF}.Debug|x64.ActiveCfg = Debug|Any CPU
		{4BF3EECC-A407-4037-8216-7BE819A1BABF}.Debug|x64.Build.0 = Debug|Any CPU
		{4BF3EECC-A407-4037-8216-7BE819A1BABF}.Debug|x86.ActiveCfg = Debug|Any CPU
		{4BF3EECC-A407-4037-8216-7BE819A1BABF}.Debug|x86.Build.0 = Debug|Any CPU
		{4BF3EECC-A407-4037-8216-7BE819A1BABF}.Release|Any CPU.ActiveCfg = Release|Any CPU
		{4BF3EECC-A407-4037-8216-7BE819A1BABF}.Release|Any CPU.Build.0 = Release|Any CPU
		{4BF3EECC-A407-4037-8216-7BE819A1BABF}.Release|x64.ActiveCfg = Release|Any CPU
		{4BF3EECC-A407-4037-8216-7BE819A1BABF}.Release|x64.Build.0 = Release|Any CPU
		{4BF3EECC-A407-4037-8216-7BE819A1BABF}.Release|x86.ActiveCfg = Release|Any CPU
		{4BF3EECC-A407-4037-8216-7BE819A1BABF}.Release|x86.Build.0 = Release|Any CPU
		{C56E6773-36A3-4F41-AE6B-DD133CD0D6D9}.Debug|Any CPU.ActiveCfg = Debug|Any CPU
		{C56E6773-36A3-4F41-AE6B-DD133CD0D6D9}.Debug|Any CPU.Build.0 = Debug|Any CPU
		{C56E6773-36A3-4F41-AE6B-DD133CD0D6D9}.Debug|x64.ActiveCfg = Debug|Any CPU
		{C56E6773-36A3-4F41-AE6B-DD133CD0D6D9}.Debug|x64.Build.0 = Debug|Any CPU
		{C56E6773-36A3-4F41-AE6B-DD133CD0D6D9}.Debug|x86.ActiveCfg = Debug|Any CPU
		{C56E6773-36A3-4F41-AE6B-DD133CD0D6D9}.Debug|x86.Build.0 = Debug|Any CPU
		{C56E6773-36A3-4F41-AE6B-DD133CD0D6D9}.Release|Any CPU.ActiveCfg = Release|Any CPU
		{C56E6773-36A3-4F41-AE6B-DD133CD0D6D9}.Release|Any CPU.Build.0 = Release|Any CPU
		{C56E6773-36A3-4F41-AE6B-DD133CD0D6D9}.Release|x64.ActiveCfg = Release|Any CPU
		{C56E6773-36A3-4F41-AE6B-DD133CD0D6D9}.Release|x64.Build.0 = Release|Any CPU
		{C56E6773-36A3-4F41-AE6B-DD133CD0D6D9}.Release|x86.ActiveCfg = Release|Any CPU
		{C56E6773-36A3-4F41-AE6B-DD133CD0D6D9}.Release|x86.Build.0 = Release|Any CPU
		{FF72FAC8-9A8E-4A4C-94B7-FA8783AEB9FE}.Debug|Any CPU.ActiveCfg = Debug|Any CPU
		{FF72FAC8-9A8E-4A4C-94B7-FA8783AEB9FE}.Debug|Any CPU.Build.0 = Debug|Any CPU
		{FF72FAC8-9A8E-4A4C-94B7-FA8783AEB9FE}.Debug|x64.ActiveCfg = Debug|Any CPU
		{FF72FAC8-9A8E-4A4C-94B7-FA8783AEB9FE}.Debug|x64.Build.0 = Debug|Any CPU
		{FF72FAC8-9A8E-4A4C-94B7-FA8783AEB9FE}.Debug|x86.ActiveCfg = Debug|Any CPU
		{FF72FAC8-9A8E-4A4C-94B7-FA8783AEB9FE}.Debug|x86.Build.0 = Debug|Any CPU
		{FF72FAC8-9A8E-4A4C-94B7-FA8783AEB9FE}.Release|Any CPU.ActiveCfg = Release|Any CPU
		{FF72FAC8-9A8E-4A4C-94B7-FA8783AEB9FE}.Release|Any CPU.Build.0 = Release|Any CPU
		{FF72FAC8-9A8E-4A4C-94B7-FA8783AEB9FE}.Release|x64.ActiveCfg = Release|Any CPU
		{FF72FAC8-9A8E-4A4C-94B7-FA8783AEB9FE}.Release|x64.Build.0 = Release|Any CPU
		{FF72FAC8-9A8E-4A4C-94B7-FA8783AEB9FE}.Release|x86.ActiveCfg = Release|Any CPU
		{FF72FAC8-9A8E-4A4C-94B7-FA8783AEB9FE}.Release|x86.Build.0 = Release|Any CPU
		{7D391CC5-776B-45D1-978E-66E28D5AA812}.Debug|Any CPU.ActiveCfg = Debug|Any CPU
		{7D391CC5-776B-45D1-978E-66E28D5AA812}.Debug|Any CPU.Build.0 = Debug|Any CPU
		{7D391CC5-776B-45D1-978E-66E28D5AA812}.Debug|x64.ActiveCfg = Debug|Any CPU
		{7D391CC5-776B-45D1-978E-66E28D5AA812}.Debug|x64.Build.0 = Debug|Any CPU
		{7D391CC5-776B-45D1-978E-66E28D5AA812}.Debug|x86.ActiveCfg = Debug|Any CPU
		{7D391CC5-776B-45D1-978E-66E28D5AA812}.Debug|x86.Build.0 = Debug|Any CPU
		{7D391CC5-776B-45D1-978E-66E28D5AA812}.Release|Any CPU.ActiveCfg = Release|Any CPU
		{7D391CC5-776B-45D1-978E-66E28D5AA812}.Release|Any CPU.Build.0 = Release|Any CPU
		{7D391CC5-776B-45D1-978E-66E28D5AA812}.Release|x64.ActiveCfg = Release|Any CPU
		{7D391CC5-776B-45D1-978E-66E28D5AA812}.Release|x64.Build.0 = Release|Any CPU
		{7D391CC5-776B-45D1-978E-66E28D5AA812}.Release|x86.ActiveCfg = Release|Any CPU
		{7D391CC5-776B-45D1-978E-66E28D5AA812}.Release|x86.Build.0 = Release|Any CPU
		{2012E898-BE5F-4217-A961-166FBA46D5F6}.Debug|Any CPU.ActiveCfg = Debug|Any CPU
		{2012E898-BE5F-4217-A961-166FBA46D5F6}.Debug|Any CPU.Build.0 = Debug|Any CPU
		{2012E898-BE5F-4217-A961-166FBA46D5F6}.Debug|x64.ActiveCfg = Debug|Any CPU
		{2012E898-BE5F-4217-A961-166FBA46D5F6}.Debug|x64.Build.0 = Debug|Any CPU
		{2012E898-BE5F-4217-A961-166FBA46D5F6}.Debug|x86.ActiveCfg = Debug|Any CPU
		{2012E898-BE5F-4217-A961-166FBA46D5F6}.Debug|x86.Build.0 = Debug|Any CPU
		{2012E898-BE5F-4217-A961-166FBA46D5F6}.Release|Any CPU.ActiveCfg = Release|Any CPU
		{2012E898-BE5F-4217-A961-166FBA46D5F6}.Release|Any CPU.Build.0 = Release|Any CPU
		{2012E898-BE5F-4217-A961-166FBA46D5F6}.Release|x64.ActiveCfg = Release|Any CPU
		{2012E898-BE5F-4217-A961-166FBA46D5F6}.Release|x64.Build.0 = Release|Any CPU
		{2012E898-BE5F-4217-A961-166FBA46D5F6}.Release|x86.ActiveCfg = Release|Any CPU
		{2012E898-BE5F-4217-A961-166FBA46D5F6}.Release|x86.Build.0 = Release|Any CPU
	EndGlobalSection
	GlobalSection(SolutionProperties) = preSolution
		HideSolutionNode = FALSE
	EndGlobalSection
	GlobalSection(NestedProjects) = preSolution
		{E6BA0287-C429-4185-A3F9-05FF2137EE01} = {02EA681E-C7D8-13C7-8484-4AC65E1B71E8}
		{E9D282ED-3575-453E-90E5-C5668A00896C} = {02EA681E-C7D8-13C7-8484-4AC65E1B71E8}
		{00EBF305-A7EE-4F38-9FAF-CF360E2CE8FD} = {02EA681E-C7D8-13C7-8484-4AC65E1B71E8}
		{113661FB-9AA9-4DB4-8059-8D436C185DCD} = {E6BA0287-C429-4185-A3F9-05FF2137EE01}
		{F30AC997-53C0-4FF3-B2EF-DD2C08040C87} = {E6BA0287-C429-4185-A3F9-05FF2137EE01}
		{2AE66A66-313C-470D-9D89-263A38EE07CD} = {E9D282ED-3575-453E-90E5-C5668A00896C}
		{4BF3EECC-A407-4037-8216-7BE819A1BABF} = {E9D282ED-3575-453E-90E5-C5668A00896C}
		{C56E6773-36A3-4F41-AE6B-DD133CD0D6D9} = {E9D282ED-3575-453E-90E5-C5668A00896C}
		{FF72FAC8-9A8E-4A4C-94B7-FA8783AEB9FE} = {00EBF305-A7EE-4F38-9FAF-CF360E2CE8FD}
		{7D391CC5-776B-45D1-978E-66E28D5AA812} = {00EBF305-A7EE-4F38-9FAF-CF360E2CE8FD}
		{2012E898-BE5F-4217-A961-166FBA46D5F6} = {0AB3BF05-4346-4AA6-1389-037BE0695223}
	EndGlobalSection
	GlobalSection(ExtensibilityGlobals) = postSolution
		SolutionGuid = {716D8CDE-E53C-40EA-9133-62DD657DA9E4}
	EndGlobalSection
EndGlobal
